
Microsoft Visual Studio Solution File, Format Version 12.00
# Visual Studio Version 16
VisualStudioVersion = 16.0.31205.134
MinimumVisualStudioVersion = 10.0.40219.1
Project("{FAE04EC0-301F-11D3-BF4B-00C04F79EFBC}") = "ScientiaTest", "ScientiaTest\ScientiaTest.csproj", "{84C2740F-FACB-4F58-BE53-EF02B23169F2}"
EndProject
Global
	GlobalSection(SolutionConfigurationPlatforms) = preSolution
		Debug|Any CPU = Debug|Any CPU
		Release|Any CPU = Release|Any CPU
	EndGlobalSection
	GlobalSection(ProjectConfigurationPlatforms) = postSolution
		{84C2740F-FACB-4F58-BE53-EF02B23169F2}.Debug|Any CPU.ActiveCfg = Debug|Any CPU
		{84C2740F-FACB-4F58-BE53-EF02B23169F2}.Debug|Any CPU.Build.0 = Debug|Any CPU
		{84C2740F-FACB-4F58-BE53-EF02B23169F2}.Release|Any CPU.ActiveCfg = Release|Any CPU
		{84C2740F-FACB-4F58-BE53-EF02B23169F2}.Release|Any CPU.Build.0 = Release|Any CPU
	EndGlobalSection
	GlobalSection(SolutionProperties) = preSolution
		HideSolutionNode = FALSE
	EndGlobalSection
	GlobalSection(ExtensibilityGlobals) = postSolution
		SolutionGuid = {E5F1D041-66BB-4FFD-BFE7-0A8263306D9D}
	EndGlobalSection
EndGlobal
